{
  "lockfileVersion": 1,
  "configVersion": 1,
  "workspaces": {
    "": {
      "name": "bun-react-template",
      "dependencies": {
        "@hono/zod-validator": "^0.8.0",
        "@tanstack/react-query": "^5.101.2",
        "bun-plugin-tailwind": "^0.1.2",
        "ethers": "^6.17.0",
        "hono": "^4.12.28",
        "mongodb": "6.12.0",
        "react": "^19",
        "react-dom": "^19",
        "tailwindcss": "^4.1.11",
        "zod": "^4.4.3",
      },
      "devDependencies": {
        "@types/bun": "latest",
        "@types/ioredis": "^5.0.0",
        "@types/react": "^19",
        "@types/react-dom": "^19",
        "mongodb-memory-server": "^11.2.0",
      },
    },
  },
  "packages": {
    "@adraffy/ens-normalize": ["@adraffy/ens-normalize@1.11.1", "", {}, "sha512-nhCBV3quEgesuf7c7KYfperqSS14T8bYuvJ8PcLJp6znkZpFc0AuW4qBtr8eKVyPPe/8RSr7sglCWPU5eaxwKQ=="],

    "@hono/zod-validator": ["@hono/zod-validator@0.8.0", "", { "peerDependencies": { "hono": ">=4.10.0", "zod": "^3.25.0 || ^4.0.0" } }, "sha512-5uS4S1/LKtZQYvD4BtpPUFkOv8d1wNxHHrChm26buMiEYc1FrHWvDUaKVBwkiVtvSExHSpLGDvcnpI2Copyj9w=="],

    "@ioredis/commands": ["@ioredis/commands@1.10.0", "", {}, "sha512-UmeW7z4LfctwoQ5wkhVzgq8tXkreED2xZGpX+Bg+zA+WJFZCT6c062AfCK/Dfk81xZnnwdhJCUMkitihRaoC2Q=="],

    "@mongodb-js/saslprep": ["@mongodb-js/saslprep@1.4.12", "", { "dependencies": { "sparse-bitfield": "^3.0.3" } }, "sha512-QAfAMwNgnYxZ2C6D1HgeP7Gc4i/uvJRim415PCIL9ptRxWMNbWeLBYb2/9R4pGKny/s1FVu2JA2cxCUBUOggrA=="],

    "@noble/curves": ["@noble/curves@1.2.0", "", { "dependencies": { "@noble/hashes": "1.3.2" } }, "sha512-oYclrNgRaM9SsBUBVbb8M6DTV7ZHRTKugureoYEncY5c65HOmRzvSiTE3y5CYaPYJA/GVkrhXEoF0M3Ya9PMnw=="],

    "@noble/hashes": ["@noble/hashes@1.3.2", "", {}, "sha512-MVC8EAQp7MvEcm30KWENFjgR+Mkmf+D189XJTkFIlwohU5hcBbn1ZkKq7KVTi2Hme3PMGF390DaL52beVrIihQ=="],

    "@oven/bun-darwin-aarch64": ["@oven/bun-darwin-aarch64@1.3.14", "", { "os": "darwin", "cpu": "arm64" }, "sha512-Omj20SuiHBOUjUBIyqtkNjSUIjOtEOJwmbix/ZyFH4BaQ6OZTaaRWIR4TjHVz0yadHgli6lLTiAh1uarnvD49A=="],

    "@oven/bun-darwin-x64": ["@oven/bun-darwin-x64@1.3.14", "", { "os": "darwin", "cpu": "x64" }, "sha512-FFj3QdU/OhlDyZOJ8CWfN5eWLpRlT4qjZg7lMQi7jA6GuoY5ajlO1zWLP/MuHYRSbXQUvV52RejNi8DVnAp13w=="],

    "@oven/bun-darwin-x64-baseline": ["@oven/bun-darwin-x64-baseline@1.3.14", "", { "os": "darwin", "cpu": "x64" }, "sha512-OSfsTZstc898HHElhU4NccaBGOSSDn5VfahiVTnidZ9B/+wb7WTyfZJaBeJcfjwJ9H2W9uTh2TGtl3UfcXgV9g=="],

    "@oven/bun-freebsd-aarch64": ["@oven/bun-freebsd-aarch64@1.3.14", "", { "os": "freebsd", "cpu": "arm64" }, "sha512-LIKrXaFxAHybVO5Pf+9XP2FHUj/5APvXTUKk9dqHm5iFz4oH+W24cmhjkJirNujh9hKeTyrpWSe3no9JZKowIw=="],

    "@oven/bun-freebsd-x64": ["@oven/bun-freebsd-x64@1.3.14", "", { "os": "freebsd", "cpu": "x64" }, "sha512-uwD+fGUH1ADpIF3B1U2jWzzb20QwRLZfj5QZ28GUCGrAJ/nTmWrD6YYGsblCY1wuhldRez3lU40AyuvSCyLYmw=="],

    "@oven/bun-linux-aarch64": ["@oven/bun-linux-aarch64@1.3.14", "", { "os": "linux", "cpu": "arm64" }, "sha512-X5SsPZHs+iYO8R/efIcRtc7gT2Q2DgPfliCxEkx4cXBumwkw0c/EsHMNwH3EgGpCDaZ7IYVPhpCG/xBOQHEwZw=="],

    "@oven/bun-linux-aarch64-android": ["@oven/bun-linux-aarch64-android@1.3.14", "", { "os": "android", "cpu": "arm64" }, "sha512-y4kq5b85lsrmFb9Xvi4w9mA5IEFJkLMrSmYn06q24KjL9rUWDWO3VFZEtteZxUN5+ec3Zm5S8OnJw1umaCbVjA=="],

    "@oven/bun-linux-aarch64-musl": ["@oven/bun-linux-aarch64-musl@1.3.14", "", { "os": "linux", "cpu": "arm64" }, "sha512-jmqOA92Cd1NL/1XBd4bFkJLxQ86K0RW7ohxS2qzzAvuitO4JiIxjjTeCspoU44zCozH72HpfZfUE2On31OjnWA=="],

    "@oven/bun-linux-x64": ["@oven/bun-linux-x64@1.3.14", "", { "os": "linux", "cpu": "x64" }, "sha512-7OVTAKvwfPmSbIV1HpdOoVVx5VRc427GuPPne93N6vk4eQBPId9nXmZDh9/zGaKPdbVjVtQSZafWQoUjx38Utw=="],

    "@oven/bun-linux-x64-android": ["@oven/bun-linux-x64-android@1.3.14", "", { "os": "android", "cpu": "x64" }, "sha512-qe9e1d+3VAEU7nAA2ol9Jvmy/o99PVMSgZhHn7Q/9O3YcDrfEqyQ8zm4zoe5qTEo8HZH0dN03Le0Ys2eQPs7eg=="],

    "@oven/bun-linux-x64-baseline": ["@oven/bun-linux-x64-baseline@1.3.14", "", { "os": "linux", "cpu": "x64" }, "sha512-q/8EdOC0yUE8FPeoOVq8/Pw5I9/tJaYmUfO/uDUAREx8IUnOJH1RJ5A3BjFqre8pvJoiZA9AovPJq5FnNNjSxA=="],

    "@oven/bun-linux-x64-musl": ["@oven/bun-linux-x64-musl@1.3.14", "", { "os": "linux", "cpu": "x64" }, "sha512-GBCB/k/sIqcr06eTNgg7g46qiUv35Jasx4XiccJ/n7RGqrE4RWUD/XJBbWFprVPjvqd59+QtSnS99XGqvftHfg=="],

    "@oven/bun-linux-x64-musl-baseline": ["@oven/bun-linux-x64-musl-baseline@1.3.14", "", { "os": "linux", "cpu": "x64" }, "sha512-n6iE71G4lQE4XkrZhQQcL5YUlxDbnq6nqV7zeQi33PMsLT/0kYE+RvHOtBWZ3w0wMdXZfINmp63hIb9ijUBGtw=="],

    "@oven/bun-windows-aarch64": ["@oven/bun-windows-aarch64@1.3.14", "", { "os": "win32", "cpu": "arm64" }, "sha512-T7s3x/BsVKQObGU6QDkZeI6wKynzqGbBH1yI77jrrj5siElclxr3DQrDIk8CV4G5/SJq2HHq4kpLyYY2DKCSmA=="],

    "@oven/bun-windows-x64": ["@oven/bun-windows-x64@1.3.14", "", { "os": "win32", "cpu": "x64" }, "sha512-mUFWL3BoYkNpjd8e9PqROiFF/1Xeotq20mABJsiQH62jM1g5zqWh4khw1RZ6bX8Q8fWvlPaxG1PjofkmjUi3vg=="],

    "@oven/bun-windows-x64-baseline": ["@oven/bun-windows-x64-baseline@1.3.14", "", { "os": "win32", "cpu": "x64" }, "sha512-uIjLUC1S9DWgICzuoMba7vurBJnBruE4S5CxnvmZkdqWVXRzx1Rgu636HoH+k0qeaQCFh3jeG3JQ1y6fRHv0sw=="],

    "@tanstack/query-core": ["@tanstack/query-core@5.101.2", "", {}, "sha512-hH5MLoJhF7KaIGd7q3xTXGXvslI+GYlM1Z/35aSHHWaCJWB7XvTSHYuV3eM7tw+aE0mT/xMro4M4Q9rCGHT0lw=="],

    "@tanstack/react-query": ["@tanstack/react-query@5.101.2", "", { "dependencies": { "@tanstack/query-core": "5.101.2" }, "peerDependencies": { "react": "^18 || ^19" } }, "sha512-seDkr6kzGzX1okaaTtZPtgA688CDPlXUz1C6xSg0ESqn04Vuc8tlrYms1s3de+znBqhPVxFRfpAfUf+6XvfPWg=="],

    "@types/bun": ["@types/bun@1.3.14", "", { "dependencies": { "bun-types": "1.3.14" } }, "sha512-h1hFqFVcvAvD9j9K7ZW7vd82aSA+rTdznZa+5bwvCwqSB1jmmfLcbIWhOLx1/+boy/xmjgCs/OMUL8hRJSmnPw=="],

    "@types/ioredis": ["@types/ioredis@5.0.0", "", { "dependencies": { "ioredis": "*" } }, "sha512-zJbJ3FVE17CNl5KXzdeSPtdltc4tMT3TzC6fxQS0sQngkbFZ6h+0uTafsRqu+eSLIugf6Yb0Ea0SUuRr42Nk9g=="],

    "@types/node": ["@types/node@22.7.5", "", { "dependencies": { "undici-types": "~6.19.2" } }, "sha512-jML7s2NAzMWc//QSJ1a3prpk78cOPchGvXJsC3C6R6PSMoooztvRVQEz89gmBTBY1SPMaqo5teB4uNHPdetShQ=="],

    "@types/react": ["@types/react@19.2.17", "", { "dependencies": { "csstype": "^3.2.2" } }, "sha512-MXfmqaVPEVgkBT/aY0aGCkRWWtByiYQXo3xdQ8r5RzuFrPiRn8Gar2tQdXSUQ2GKV3bkXckek89V8wQBY2Q/Aw=="],

    "@types/react-dom": ["@types/react-dom@19.2.3", "", { "peerDependencies": { "@types/react": "^19.2.0" } }, "sha512-jp2L/eY6fn+KgVVQAOqYItbF0VY/YApe5Mz2F0aykSO8gx31bYCZyvSeYxCHKvzHG5eZjc+zyaS5BrBWya2+kQ=="],

    "@types/webidl-conversions": ["@types/webidl-conversions@7.0.3", "", {}, "sha512-CiJJvcRtIgzadHCYXw7dqEnMNRjhGZlYK05Mj9OyktqV8uVT8fD2BFOB7S1uwBE3Kj2Z+4UyPmFw/Ixgw/LAlA=="],

    "@types/whatwg-url": ["@types/whatwg-url@11.0.5", "", { "dependencies": { "@types/webidl-conversions": "*" } }, "sha512-coYR071JRaHa+xoEvvYqvnIHaVqaYrLPbsufM9BF63HkwI5Lgmy2QR8Q5K/lYDYo5AK82wOvSOS0UsLTpTG7uQ=="],

    "aes-js": ["aes-js@4.0.0-beta.5", "", {}, "sha512-G965FqalsNyrPqgEGON7nIx1e/OVENSgiEIzyC63haUMuvNnwIgIjMs52hlTCKhkBny7A2ORNlfY9Zu+jmGk1Q=="],

    "agent-base": ["agent-base@7.1.4", "", {}, "sha512-MnA+YT8fwfJPgBx3m60MNqakm30XOkyIoH1y6huTQvC0PwZG7ki8NacLBcrPbNoo8vEZy7Jpuk7+jMO+CUovTQ=="],

    "async-mutex": ["async-mutex@0.5.0", "", { "dependencies": { "tslib": "^2.4.0" } }, "sha512-1A94B18jkJ3DYq284ohPxoXbfTA5HsQ7/Mf4DEhcyLx3Bz27Rh59iScbB6EPiP+B+joue6YCxcMXSbFC1tZKwA=="],

    "b4a": ["b4a@1.8.1", "", { "peerDependencies": { "react-native-b4a": "*" }, "optionalPeers": ["react-native-b4a"] }, "sha512-aiqre1Nr0B/6DgE2N5vwTc+2/oQZ4Wh1t4NznYY4E00y8LCt6NqdRv81so00oo27D8MVKTpUa/MwUUtBLXCoDw=="],

    "bare-events": ["bare-events@2.9.1", "", { "peerDependencies": { "bare-abort-controller": "*" }, "optionalPeers": ["bare-abort-controller"] }, "sha512-Z0oHEHAFDZkffN8Qc39zNZjQlMDkPJRyyyZieU1VH7u8c5S+qHZ2S8ixdKIAxEjfHO7FJxXmJWgteOghVanIsg=="],

    "bare-fs": ["bare-fs@4.7.3", "", { "dependencies": { "bare-events": "^2.5.4", "bare-path": "^3.0.0", "bare-stream": "^2.6.4", "bare-url": "^2.2.2", "fast-fifo": "^1.3.2" }, "peerDependencies": { "bare-buffer": "*" }, "optionalPeers": ["bare-buffer"] }, "sha512-xRgplks8SvcKkdlv2M6Z2LZmRsmqd+x0nXXGXeMEjwdibj1HSDrlnqBRLeYdMvsgCox7Bq0e+DHwfczOfsn6IA=="],

    "bare-os": ["bare-os@3.9.3", "", {}, "sha512-fF4Q7QsyKVF5Rj0qvI8BgUNjqzC2JvQlpTaPLjVJVxYVUX5Zr9un+y3w1HmA4nNKdFmRBT8z/WmrjvXzXVerKQ=="],

    "bare-path": ["bare-path@3.0.1", "", { "dependencies": { "bare-os": "^3.0.1" } }, "sha512-ghj2DSK/2e99a1anTVPCV4m4YIYtrbXhfM7V3D7XZLOTsybnYyaJloymGqssQc8l/or0UoDyRtNQkmkEF/ysgQ=="],

    "bare-stream": ["bare-stream@2.13.3", "", { "dependencies": { "b4a": "^1.8.1", "streamx": "^2.25.0", "teex": "^1.0.1" }, "peerDependencies": { "bare-abort-controller": "*", "bare-buffer": "*", "bare-events": "*" }, "optionalPeers": ["bare-abort-controller", "bare-buffer", "bare-events"] }, "sha512-Kc+brLqvEqGkjyfiwJmImAOqLZL7OsoLKuavx+hJjgVV3nLTOjloJyPMFxjUPerGGHrNH0fLU06jjykMLWrERQ=="],

    "bare-url": ["bare-url@2.4.5", "", { "dependencies": { "bare-path": "^3.0.0" } }, "sha512-K+y9xF1tN+CdPu4qWwr0QiK1Al07eFPGYK5M2pDXcmHdMdgC/tT/bpmMe1hrmRHaidKLkXrC+cRNYf3XVDUhSQ=="],

    "bson": ["bson@6.10.4", "", {}, "sha512-WIsKqkSC0ABoBJuT1LEX+2HEvNmNKKgnTAyd0fL8qzK4SH2i9NXg+t08YtdZp/V9IZ33cxe3iV4yM0qg8lMQng=="],

    "bun": ["bun@1.3.14", "", { "optionalDependencies": { "@oven/bun-darwin-aarch64": "1.3.14", "@oven/bun-darwin-x64": "1.3.14", "@oven/bun-darwin-x64-baseline": "1.3.14", "@oven/bun-freebsd-aarch64": "1.3.14", "@oven/bun-freebsd-x64": "1.3.14", "@oven/bun-linux-aarch64": "1.3.14", "@oven/bun-linux-aarch64-android": "1.3.14", "@oven/bun-linux-aarch64-musl": "1.3.14", "@oven/bun-linux-x64": "1.3.14", "@oven/bun-linux-x64-android": "1.3.14", "@oven/bun-linux-x64-baseline": "1.3.14", "@oven/bun-linux-x64-musl": "1.3.14", "@oven/bun-linux-x64-musl-baseline": "1.3.14", "@oven/bun-windows-aarch64": "1.3.14", "@oven/bun-windows-x64": "1.3.14", "@oven/bun-windows-x64-baseline": "1.3.14" }, "os": [ "!aix", "!sunos", "!openbsd", ], "cpu": [ "x64", "arm64", ], "bin": { "bun": "bin/bun.exe", "bunx": "bin/bunx.exe" } }, "sha512-aB6GVd42x1Y5ie1K16SF+oLGtgSkwX9hgoDdIW88pjvfTccU8F1vfpoOt34QLv0dZ1v3XimtaxPlZUG81Gx9Zg=="],

    "bun-plugin-tailwind": ["bun-plugin-tailwind@0.1.2", "", { "peerDependencies": { "bun": ">=1.0.0" } }, "sha512-41jNC1tZRSK3s1o7pTNrLuQG8kL/0vR/JgiTmZAJ1eHwe0w5j6HFPKeqEk0WAD13jfrUC7+ULuewFBBCoADPpg=="],

    "bun-types": ["bun-types@1.3.14", "", { "dependencies": { "@types/node": "*" } }, "sha512-4N0ig0fEomHt5R0KCFWjovxow98rIoRwKolrYdCcknNwMekCXRnWEUvgu5soYV8QXtVsrUD8B95MBOZGPvr6KQ=="],

    "camelcase": ["camelcase@6.3.0", "", {}, "sha512-Gmy6FhYlCY7uOElZUSbxo2UCDH8owEk996gkbrpsgGtrJLM3J7jGxl9Ic7Qwwj4ivOE5AWZWRMecDdF7hqGjFA=="],

    "cluster-key-slot": ["cluster-key-slot@1.1.1", "", {}, "sha512-rwHwUfXL40Chm1r08yrhU3qpUvdVlgkKNeyeGPOxnW8/SyVDvgRaed/Uz54AqWNaTCAThlj6QAs3TZcKI0xDEw=="],

    "commondir": ["commondir@1.0.1", "", {}, "sha512-W9pAhw0ja1Edb5GVdIF1mjZw/ASI0AlShXM83UUGe2DVr5TdAPEA1OA8m/g8zWp9x6On7gqufY+FatDbC3MDQg=="],

    "csstype": ["csstype@3.2.3", "", {}, "sha512-z1HGKcYy2xA8AGQfwrn0PAy+PB7X/GSj3UVJW9qKyn43xWa+gl5nXmU4qqLMRzWVLFC8KusUX8T/0kCiOYpAIQ=="],

    "debug": ["debug@4.4.3", "", { "dependencies": { "ms": "^2.1.3" }, "peerDependencies": { "supports-color": "*" }, "optionalPeers": ["supports-color"] }, "sha512-RGwwWnwQvkVfavKVt22FGLw+xYSdzARwm0ru6DhTVA3umU5hZc28V3kO4stgYryrTlLpuvgI9GiijltAjNbcqA=="],

    "denque": ["denque@2.1.0", "", {}, "sha512-HVQE3AAb/pxF8fQAoiqpvg9i3evqug3hoiwakOyZAwJm+6vZehbkYXZ0l4JxS+I3QxM97v5aaRNhj8v5oBhekw=="],

    "ethers": ["ethers@6.17.0", "", { "dependencies": { "@adraffy/ens-normalize": "1.11.1", "@noble/curves": "1.2.0", "@noble/hashes": "1.3.2", "@types/node": "22.7.5", "aes-js": "4.0.0-beta.5", "tslib": "2.7.0", "ws": "8.21.0" } }, "sha512-BpyrpIPJ3ydEVow8zGaz1DuPS7YU8DcWxuBnY9a0UA/lvAPwrMr+EPXsfrul628SRaekPNeIM4UFh/91GWZang=="],

    "events-universal": ["events-universal@1.0.1", "", { "dependencies": { "bare-events": "^2.7.0" } }, "sha512-LUd5euvbMLpwOF8m6ivPCbhQeSiYVNb8Vs0fQ8QjXo0JTkEHpz8pxdQf0gStltaPpw0Cca8b39KxvK9cfKRiAw=="],

    "fast-fifo": ["fast-fifo@1.3.2", "", {}, "sha512-/d9sfos4yxzpwkDkuN7k2SqFKtYNmCTzgfEpz82x34IM9/zc8KGxQoXg1liNC/izpRM/MBdt44Nmx41ZWqk+FQ=="],

    "find-cache-dir": ["find-cache-dir@3.3.2", "", { "dependencies": { "commondir": "^1.0.1", "make-dir": "^3.0.2", "pkg-dir": "^4.1.0" } }, "sha512-wXZV5emFEjrridIgED11OoUKLxiYjAcqot/NJdAkOhlJ+vGzwhOAfcG5OX1jP+S0PcjEn8bdMJv+g2jwQ3Onig=="],

    "find-up": ["find-up@4.1.0", "", { "dependencies": { "locate-path": "^5.0.0", "path-exists": "^4.0.0" } }, "sha512-PpOwAdQ/YlXQ2vj8a3h8IipDuYRi3wceVQQGYWxNINccq40Anw7BlsEXCMbt1Zt+OLA6Fq9suIpIWD0OsnISlw=="],

    "follow-redirects": ["follow-redirects@1.16.0", "", { "peerDependencies": { "debug": "*" }, "optionalPeers": ["debug"] }, "sha512-y5rN/uOsadFT/JfYwhxRS5R7Qce+g3zG97+JrtFZlC9klX/W5hD7iiLzScI4nZqUS7DNUdhPgw4xI8W2LuXlUw=="],

    "hono": ["hono@4.12.28", "", {}, "sha512-YwUvVpSF7m1yOblFPrU3Hbo8XhPheBoiyfGuII6z19LnOr6JpDnyyp7LFNrfV56wS8tpvtBFGRISHN02pDdLOA=="],

    "https-proxy-agent": ["https-proxy-agent@7.0.6", "", { "dependencies": { "agent-base": "^7.1.2", "debug": "4" } }, "sha512-vK9P5/iUfdl95AI+JVyUuIcVtd4ofvtrOr3HNtM2yxC9bnMbEdp3x01OhQNnjb8IJYi38VlTE3mBXwcfvywuSw=="],

    "ioredis": ["ioredis@5.11.1", "", { "dependencies": { "@ioredis/commands": "1.10.0", "cluster-key-slot": "1.1.1", "debug": "4.4.3", "denque": "2.1.0", "redis-errors": "1.2.0", "redis-parser": "3.0.0", "standard-as-callback": "2.1.0" } }, "sha512-ehuGcf94bQXhfagULNXrJdfnWO38v070jxSx/qE87Kjzmu2fU7ro5EFAb+OPituLqgfyuQaym5DlrNydW2sJ9A=="],

    "locate-path": ["locate-path@5.0.0", "", { "dependencies": { "p-locate": "^4.1.0" } }, "sha512-t7hw9pI+WvuwNJXwk5zVHpyhIqzg2qTlklJOf0mVxGSbe3Fp2VieZcduNYjaLDoy6p9uGpQEGWG87WpMKlNq8g=="],

    "make-dir": ["make-dir@3.1.0", "", { "dependencies": { "semver": "^6.0.0" } }, "sha512-g3FeP20LNwhALb/6Cz6Dd4F2ngze0jz7tbzrD2wAV+o9FeNHe4rL+yK2md0J/fiSf1sa1ADhXqi5+oVwOM/eGw=="],

    "memory-pager": ["memory-pager@1.5.0", "", {}, "sha512-ZS4Bp4r/Zoeq6+NLJpP+0Zzm0pR8whtGPf1XExKLJBAczGMnSi3It14OiNCStjQjM6NU1okjQGSxgEZN8eBYKg=="],

    "mongodb": ["mongodb@6.12.0", "", { "dependencies": { "@mongodb-js/saslprep": "^1.1.9", "bson": "^6.10.1", "mongodb-connection-string-url": "^3.0.0" }, "peerDependencies": { "@aws-sdk/credential-providers": "^3.188.0", "@mongodb-js/zstd": "^1.1.0 || ^2.0.0", "gcp-metadata": "^5.2.0", "kerberos": "^2.0.1", "mongodb-client-encryption": ">=6.0.0 <7", "snappy": "^7.2.2", "socks": "^2.7.1" }, "optionalPeers": ["@aws-sdk/credential-providers", "@mongodb-js/zstd", "gcp-metadata", "kerberos", "mongodb-client-encryption", "snappy", "socks"] }, "sha512-RM7AHlvYfS7jv7+BXund/kR64DryVI+cHbVAy9P61fnb1RcWZqOW1/Wj2YhqMCx+MuYhqTRGv7AwHBzmsCKBfA=="],

    "mongodb-connection-string-url": ["mongodb-connection-string-url@3.0.2", "", { "dependencies": { "@types/whatwg-url": "^11.0.2", "whatwg-url": "^14.1.0 || ^13.0.0" } }, "sha512-rMO7CGo/9BFwyZABcKAWL8UJwH/Kc2x0g72uhDWzG48URRax5TCIcJ7Rc3RZqffZzO/Gwff/jyKwCU9TN8gehA=="],

    "mongodb-memory-server": ["mongodb-memory-server@11.2.0", "", { "dependencies": { "mongodb-memory-server-core": "11.2.0", "tslib": "^2.8.1" } }, "sha512-506AD8qvClVx8Raw/WhAUUWBgIXPyi856iC01aa5vAzHmn6WOXC6ulvudkTF7oTMzJxkyA0A84VpD4BpyfqJ9w=="],

    "mongodb-memory-server-core": ["mongodb-memory-server-core@11.2.0", "", { "dependencies": { "async-mutex": "^0.5.0", "camelcase": "^6.3.0", "debug": "^4.4.3", "find-cache-dir": "^3.3.2", "follow-redirects": "^1.16.0", "https-proxy-agent": "^7.0.6", "mongodb": "^7.2.0", "new-find-package-json": "^2.0.0", "semver": "^7.7.3", "tar-stream": "^3.1.8", "tslib": "^2.8.1", "yauzl": "^3.3.1" } }, "sha512-vOoDtn0JiLrHvZY81Rp/UtKXXK0rtJHZGZFVnccvJwYitPLNspO0Ty0grqFQOe7iAET8+GI4zAQcphg+R3vxQg=="],

    "ms": ["ms@2.1.3", "", {}, "sha512-6FlzubTLZG3J2a/NVCAleEhjzq5oxgHyaCU9yYXvcLsvoVaHJq/s5xXI6/XXP6tz7R9xAOtHnSO/tXtF3WRTlA=="],

    "new-find-package-json": ["new-find-package-json@2.0.0", "", { "dependencies": { "debug": "^4.3.4" } }, "sha512-lDcBsjBSMlj3LXH2v/FW3txlh2pYTjmbOXPYJD93HI5EwuLzI11tdHSIpUMmfq/IOsldj4Ps8M8flhm+pCK4Ew=="],

    "p-limit": ["p-limit@2.3.0", "", { "dependencies": { "p-try": "^2.0.0" } }, "sha512-//88mFWSJx8lxCzwdAABTJL2MyWB12+eIY7MDL2SqLmAkeKU9qxRvWuSyTjm3FUmpBEMuFfckAIqEaVGUDxb6w=="],

    "p-locate": ["p-locate@4.1.0", "", { "dependencies": { "p-limit": "^2.2.0" } }, "sha512-R79ZZ/0wAxKGu3oYMlz8jy/kbhsNrS7SKZ7PxEHBgJ5+F2mtFW2fK2cOtBh1cHYkQsbzFV7I+EoRKe6Yt0oK7A=="],

    "p-try": ["p-try@2.2.0", "", {}, "sha512-R4nPAVTAU0B9D35/Gk3uJf/7XYbQcyohSKdvAxIRSNghFl4e71hVoGnBNQz9cWaXxO2I10KTC+3jMdvvoKw6dQ=="],

    "path-exists": ["path-exists@4.0.0", "", {}, "sha512-ak9Qy5Q7jYb2Wwcey5Fpvg2KoAc/ZIhLSLOSBmRmygPsGwkVVt0fZa0qrtMz+m6tJTAHfZQ8FnmB4MG4LWy7/w=="],

    "pend": ["pend@1.2.0", "", {}, "sha512-F3asv42UuXchdzt+xXqfW1OGlVBe+mxa2mqI0pg5yAHZPvFmY3Y6drSf/GQ1A86WgWEN9Kzh/WrgKa6iGcHXLg=="],

    "pkg-dir": ["pkg-dir@4.2.0", "", { "dependencies": { "find-up": "^4.0.0" } }, "sha512-HRDzbaKjC+AOWVXxAU/x54COGeIv9eb+6CkDSQoNTt4XyWoIJvuPsXizxu/Fr23EiekbtZwmh1IcIG/l/a10GQ=="],

    "punycode": ["punycode@2.3.1", "", {}, "sha512-vYt7UD1U9Wg6138shLtLOvdAu+8DsC/ilFtEVHcH+wydcSpNE20AfSOduf6MkRFahL5FY7X1oU7nKVZFtfq8Fg=="],

    "react": ["react@19.2.7", "", {}, "sha512-HNe9WslTbXmFK8o8cmwgAeJFSBvt1bPdHCVKtaaV+WlAN36mpT4hcRpwbf3fY56ar2oIXzsBpOAiIRHAdY0OlQ=="],

    "react-dom": ["react-dom@19.2.7", "", { "dependencies": { "scheduler": "^0.27.0" }, "peerDependencies": { "react": "^19.2.7" } }, "sha512-t0BRVXvbiE/o20Hfw669rLbMCDWtYZLvmJigy2f0MxsXF+71pxhR3xOkspmsO8h3ZlNzyibAmtCa3l4lYKk6gQ=="],

    "redis-errors": ["redis-errors@1.2.0", "", {}, "sha512-1qny3OExCf0UvUV/5wpYKf2YwPcOqXzkwKKSmKHiE6ZMQs5heeE/c8eXK+PNllPvmjgAbfnsbpkGZWy8cBpn9w=="],

    "redis-parser": ["redis-parser@3.0.0", "", { "dependencies": { "redis-errors": "^1.0.0" } }, "sha512-DJnGAeenTdpMEH6uAJRK/uiyEIH9WVsUmoLwzudwGJUwZPp80PDBWPHXSAGNPwNvIXAbe7MSUB1zQFugFml66A=="],

    "scheduler": ["scheduler@0.27.0", "", {}, "sha512-eNv+WrVbKu1f3vbYJT/xtiF5syA5HPIMtf9IgY/nKg0sWqzAUEvqY/xm7OcZc/qafLx/iO9FgOmeSAp4v5ti/Q=="],

    "semver": ["semver@7.8.5", "", { "bin": { "semver": "bin/semver.js" } }, "sha512-Y7/KDsb8LjooZpwaqGyulO6DQlksgCncchHGk+sZIY4SBvUocMBEFH5Ur1fI4dV+Jvl0w6cjvucaIi40puRioA=="],

    "sparse-bitfield": ["sparse-bitfield@3.0.3", "", { "dependencies": { "memory-pager": "^1.0.2" } }, "sha512-kvzhi7vqKTfkh0PZU+2D2PIllw2ymqJKujUcyPMd9Y75Nv4nPbGJZXNhxsgdQab2BmlDct1YnfQCguEvHr7VsQ=="],

    "standard-as-callback": ["standard-as-callback@2.1.0", "", {}, "sha512-qoRRSyROncaz1z0mvYqIE4lCd9p2R90i6GxW3uZv5ucSu8tU7B5HXUP1gG8pVZsYNVaXjk8ClXHPttLyxAL48A=="],

    "streamx": ["streamx@2.28.0", "", { "dependencies": { "events-universal": "^1.0.0", "fast-fifo": "^1.3.2", "text-decoder": "^1.1.0" } }, "sha512-1Yowhzjf0ivGMrTIkY9hav5TxobO9qIVqUE41fiCGMGgc3CLlf4MY+9AHmZqBWgDTue0fY9zWjYFVyf6Diuobw=="],

    "tailwindcss": ["tailwindcss@4.3.2", "", {}, "sha512-WtctNNSH8A9jlMIqxzuYumOHU5uGZyRv0Q5svQl+oEPy5w84YpBxdb7MdqyiSPQge5jTJ6zFQLq0PFygdccSBA=="],

    "tar-stream": ["tar-stream@3.2.0", "", { "dependencies": { "b4a": "^1.6.4", "bare-fs": "^4.5.5", "fast-fifo": "^1.2.0", "streamx": "^2.15.0" } }, "sha512-ojzvCvVaNp6aOTFmG7jaRD0meowIAuPc3cMMhSgKiVWws1GyHbGd/xvnyuRKcKlMpt3qvxx6r0hreCNITP9hIg=="],

    "teex": ["teex@1.0.1", "", { "dependencies": { "streamx": "^2.12.5" } }, "sha512-eYE6iEI62Ni1H8oIa7KlDU6uQBtqr4Eajni3wX7rpfXD8ysFx8z0+dri+KWEPWpBsxXfxu58x/0jvTVT1ekOSg=="],

    "text-decoder": ["text-decoder@1.2.7", "", { "dependencies": { "b4a": "^1.6.4" } }, "sha512-vlLytXkeP4xvEq2otHeJfSQIRyWxo/oZGEbXrtEEF9Hnmrdly59sUbzZ/QgyWuLYHctCHxFF4tRQZNQ9k60ExQ=="],

    "tr46": ["tr46@5.1.1", "", { "dependencies": { "punycode": "^2.3.1" } }, "sha512-hdF5ZgjTqgAntKkklYw0R03MG2x/bSzTtkxmIRw/sTNV8YXsCJ1tfLAX23lhxhHJlEf3CRCOCGGWw3vI3GaSPw=="],

    "tslib": ["tslib@2.8.1", "", {}, "sha512-oJFu94HQb+KVduSUQL7wnpmqnfmLsOA/nAh6b6EH0wCEoK0/mPeXU6c3wKDV83MkOuHPRHtSXKKU99IBazS/2w=="],

    "undici-types": ["undici-types@6.19.8", "", {}, "sha512-ve2KP6f/JnbPBFyobGHuerC9g1FYGn/F8n1LWTwNxCEzd6IfqTwUQcNXgEtmmQ6DlRrC1hrSrBnCZPokRrDHjw=="],

    "webidl-conversions": ["webidl-conversions@7.0.0", "", {}, "sha512-VwddBukDzu71offAQR975unBIGqfKZpM+8ZX6ySk8nYhVoo5CYaZyzt3YBvYtRtO+aoGlqxPg/B87NGVZ/fu6g=="],

    "whatwg-url": ["whatwg-url@14.2.0", "", { "dependencies": { "tr46": "^5.1.0", "webidl-conversions": "^7.0.0" } }, "sha512-De72GdQZzNTUBBChsXueQUnPKDkg/5A5zp7pFDuQAj5UFoENpiACU0wlCvzpAGnTkj++ihpKwKyYewn/XNUbKw=="],

    "ws": ["ws@8.21.0", "", { "peerDependencies": { "bufferutil": "^4.0.1", "utf-8-validate": ">=5.0.2" }, "optionalPeers": ["bufferutil", "utf-8-validate"] }, "sha512-Vsp28b7DRcimFQvrqu2Wek3z1iYxDCWqHYB8Qsnk/S4RfaCQzPGPyBNuVjJV3cd6UiKtUtp6sNM77gWvzcCH+g=="],

    "yauzl": ["yauzl@3.4.0", "", { "dependencies": { "pend": "~1.2.0" } }, "sha512-jIH9yLR9wqr0wOS0TpBvo/g/2UgZH5qePVbjgRliiF0BYvOZyaBknKsF+x9Iht0O6sqgnB93rCICdOZFecJuDw=="],

    "zod": ["zod@4.4.3", "", {}, "sha512-ytENFjIJFl2UwYglde2jchW2Hwm4GJFLDiSXWdTrJQBIN9Fcyp7n4DhxJEiWNAJMV1/BqWfW/kkg71UDcHJyTQ=="],

    "bun-types/@types/node": ["@types/node@26.1.0", "", { "dependencies": { "undici-types": "~8.3.0" } }, "sha512-O0A1G3xPGy4w7AgQdAQYUlQ+BKk2Oovw8eRpofyp5KdBZULnbe+WqaOVNrm705SHphCiG4XHsACrSmPu1f+Kgw=="],

    "ethers/tslib": ["tslib@2.7.0", "", {}, "sha512-gLXCKdN1/j47AiHiOkJN69hJmcbGTHI0ImLmbYLHykhgeN0jVGola9yVjFgzCUklsZQMW55o+dW7IXv3RCXDzA=="],

    "make-dir/semver": ["semver@6.3.1", "", { "bin": { "semver": "bin/semver.js" } }, "sha512-BR7VvDCVHO+q2xBEWskxS6DJE1qRnb7DxzUrogb71CWoSficBxYsiAGd+Kl0mmq/MprG9yArRkyrQxTO6XjMzA=="],

    "mongodb-memory-server-core/mongodb": ["mongodb@7.4.0", "", { "dependencies": { "@mongodb-js/saslprep": "^1.3.0", "bson": "^7.2.0", "mongodb-connection-string-url": "^7.0.0" }, "peerDependencies": { "@aws-sdk/credential-providers": "^3.806.0", "@mongodb-js/zstd": "^7.0.0", "gcp-metadata": "^7.0.1", "kerberos": "^7.0.0", "mongodb-client-encryption": ">=7.0.0 <7.1.0", "snappy": "^7.3.2", "socks": "^2.8.6" }, "optionalPeers": ["@aws-sdk/credential-providers", "@mongodb-js/zstd", "gcp-metadata", "kerberos", "mongodb-client-encryption", "snappy", "socks"] }, "sha512-giySkkdYiwoBFo/oCc8nzov3xOYZ/sB8OpAYk5GINRLEjVw0LDsm8xgQL0XMTyU4extQlDZjhdUr1ZEwKFaazw=="],

    "bun-types/@types/node/undici-types": ["undici-types@8.3.0", "", {}, "sha512-j375ScV60dom+YkPFIfTLcOiPxkN/buHz5GobjLhixFuANaNs3C9l4GmrWqejgXWJ7BbJcFYpTEUkS1Ge8bpZQ=="],

    "mongodb-memory-server-core/mongodb/bson": ["bson@7.3.1", "", {}, "sha512-h/C0qe6857pQhcSJHLfsR1uYGj98Ge3wKAD3Ed9KqH3wcVh+BM4Jq4xISD7vs9OPuT07n+q3QQVjslJ286j6ag=="],

    "mongodb-memory-server-core/mongodb/mongodb-connection-string-url": ["mongodb-connection-string-url@7.0.1", "", { "dependencies": { "@types/whatwg-url": "^13.0.0", "whatwg-url": "^14.1.0" } }, "sha512-h0AZ9A7IDVwwHyMxmdMXKy+9oNlF0zFoahHiX3vQ8e3KFcSP3VmsmfvtRSuLPxmyv2vjIDxqty8smTgie/SNRQ=="],

    "mongodb-memory-server-core/mongodb/mongodb-connection-string-url/@types/whatwg-url": ["@types/whatwg-url@13.0.0", "", { "dependencies": { "@types/webidl-conversions": "*" } }, "sha512-N8WXpbE6Wgri7KUSvrmQcqrMllKZ9uxkYWMt+mCSGwNc0Hsw9VQTW7ApqI4XNrx6/SaM2QQJCzMPDEXE058s+Q=="],
  }
}
